
Microsoft Visual Studio Solution File, Format Version 12.00
# Visual Studio Version 17
VisualStudioVersion = 17.4.33122.133
MinimumVisualStudioVersion = 10.0.40219.1
Project("{9A19103F-16F7-4668-BE54-9A1E7A4F7556}") = "PanoramicData.OCalc", "PanoramicData.OCalc\PanoramicData.OCalc.csproj", "{B02694DD-632C-4763-A4EB-2FCB18302F72}"
EndProject
Project("{9A19103F-16F7-4668-BE54-9A1E7A4F7556}") = "PanoramicData.OCalc.Test", "PanoramicData.OCalc.Test\PanoramicData.OCalc.Test.csproj", "{23F56B0F-25A0-4E49-944F-7F1E30A3E3FB}"
EndProject
Project("{2150E333-8FDC-42A3-9474-1A3956D46DE8}") = "Solution Items", "Solution Items", "{0DB909A6-6519-4EA6-8814-89C2B0ED5CF6}"
	ProjectSection(SolutionItems) = preProject
		.editorconfig = .editorconfig
		version.json = version.json
	EndProjectSection
EndProject
Global
	GlobalSection(SolutionConfigurationPlatforms) = preSolution
		Debug|Any CPU = Debug|Any CPU
		Release|Any CPU = Release|Any CPU
	EndGlobalSection
	GlobalSection(ProjectConfigurationPlatforms) = postSolution
		{B02694DD-632C-4763-A4EB-2FCB18302F72}.Debug|Any CPU.ActiveCfg = Debug|Any CPU
		{B02694DD-632C-4763-A4EB-2FCB18302F72}.Debug|Any CPU.Build.0 = Debug|Any CPU
		{B02694DD-632C-4763-A4EB-2FCB18302F72}.Release|Any CPU.ActiveCfg = Release|Any CPU
		{B02694DD-632C-4763-A4EB-2FCB18302F72}.Release|Any CPU.Build.0 = Release|Any CPU
		{23F56B0F-25A0-4E49-944F-7F1E30A3E3FB}.Debug|Any CPU.ActiveCfg = Debug|Any CPU
		{23F56B0F-25A0-4E49-944F-7F1E30A3E3FB}.Debug|Any CPU.Build.0 = Debug|Any CPU
		{23F56B0F-25A0-4E49-944F-7F1E30A3E3FB}.Release|Any CPU.ActiveCfg = Release|Any CPU
		{23F56B0F-25A0-4E49-944F-7F1E30A3E3FB}.Release|Any CPU.Build.0 = Release|Any CPU
	EndGlobalSection
	GlobalSection(SolutionProperties) = preSolution
		HideSolutionNode = FALSE
	EndGlobalSection
	GlobalSection(ExtensibilityGlobals) = postSolution
		SolutionGuid = {9D68F547-3E2E-4DD5-B889-72034AFAAAA4}
	EndGlobalSection
EndGlobal
